
Microsoft Visual Studio Solution File, Format Version 12.00
# Visual Studio Version 16
VisualStudioVersion = 16.0.31911.196
MinimumVisualStudioVersion = 10.0.40219.1
Project("{FAE04EC0-301F-11D3-BF4B-00C04F79EFBC}") = "LukujenJarjestys", "LukujenJarjestys\LukujenJarjestys.csproj", "{D0506380-D5E4-41A3-8FEC-4950B7FFF898}"
EndProject
Global
	GlobalSection(SolutionConfigurationPlatforms) = preSolution
		Debug|Any CPU = Debug|Any CPU
		Release|Any CPU = Release|Any CPU
	EndGlobalSection
	GlobalSection(ProjectConfigurationPlatforms) = postSolution
		{D0506380-D5E4-41A3-8FEC-4950B7FFF898}.Debug|Any CPU.ActiveCfg = Debug|Any CPU
		{D0506380-D5E4-41A3-8FEC-4950B7FFF898}.Debug|Any CPU.Build.0 = Debug|Any CPU
		{D0506380-D5E4-41A3-8FEC-4950B7FFF898}.Release|Any CPU.ActiveCfg = Release|Any CPU
		{D0506380-D5E4-41A3-8FEC-4950B7FFF898}.Release|Any CPU.Build.0 = Release|Any CPU
	EndGlobalSection
	GlobalSection(SolutionProperties) = preSolution
		HideSolutionNode = FALSE
	EndGlobalSection
	GlobalSection(ExtensibilityGlobals) = postSolution
		SolutionGuid = {78579ADE-1D54-4602-99E3-1F6E2A3F6C64}
	EndGlobalSection
EndGlobal
