
Microsoft Visual Studio Solution File, Format Version 12.00
# Visual Studio Version 16
VisualStudioVersion = 16.0.29920.165
MinimumVisualStudioVersion = 10.0.40219.1
Project("{FAE04EC0-301F-11D3-BF4B-00C04F79EFBC}") = "neljasGraafinenIKA", "neljasGraafinenIKA\neljasGraafinenIKA.csproj", "{6E0F3D37-8416-44F8-8391-8C4B26FD708F}"
EndProject
Global
	GlobalSection(SolutionConfigurationPlatforms) = preSolution
		Debug|Any CPU = Debug|Any CPU
		Release|Any CPU = Release|Any CPU
	EndGlobalSection
	GlobalSection(ProjectConfigurationPlatforms) = postSolution
		{6E0F3D37-8416-44F8-8391-8C4B26FD708F}.Debug|Any CPU.ActiveCfg = Debug|Any CPU
		{6E0F3D37-8416-44F8-8391-8C4B26FD708F}.Debug|Any CPU.Build.0 = Debug|Any CPU
		{6E0F3D37-8416-44F8-8391-8C4B26FD708F}.Release|Any CPU.ActiveCfg = Release|Any CPU
		{6E0F3D37-8416-44F8-8391-8C4B26FD708F}.Release|Any CPU.Build.0 = Release|Any CPU
	EndGlobalSection
	GlobalSection(SolutionProperties) = preSolution
		HideSolutionNode = FALSE
	EndGlobalSection
	GlobalSection(ExtensibilityGlobals) = postSolution
		SolutionGuid = {7177E2CF-9DAD-400E-9504-FDFEA56395FD}
	EndGlobalSection
EndGlobal
