
Microsoft Visual Studio Solution File, Format Version 12.00
# Visual Studio Version 16
VisualStudioVersion = 16.0.31911.196
MinimumVisualStudioVersion = 10.0.40219.1
Project("{FAE04EC0-301F-11D3-BF4B-00C04F79EFBC}") = "sqlGraafinen1", "sqlGraafinen1\sqlGraafinen1.csproj", "{33FCEC25-C278-4C20-83D0-C7EA4646CC17}"
EndProject
Global
	GlobalSection(SolutionConfigurationPlatforms) = preSolution
		Debug|Any CPU = Debug|Any CPU
		Release|Any CPU = Release|Any CPU
	EndGlobalSection
	GlobalSection(ProjectConfigurationPlatforms) = postSolution
		{33FCEC25-C278-4C20-83D0-C7EA4646CC17}.Debug|Any CPU.ActiveCfg = Debug|Any CPU
		{33FCEC25-C278-4C20-83D0-C7EA4646CC17}.Debug|Any CPU.Build.0 = Debug|Any CPU
		{33FCEC25-C278-4C20-83D0-C7EA4646CC17}.Release|Any CPU.ActiveCfg = Release|Any CPU
		{33FCEC25-C278-4C20-83D0-C7EA4646CC17}.Release|Any CPU.Build.0 = Release|Any CPU
	EndGlobalSection
	GlobalSection(SolutionProperties) = preSolution
		HideSolutionNode = FALSE
	EndGlobalSection
	GlobalSection(ExtensibilityGlobals) = postSolution
		SolutionGuid = {9064C9E4-2977-4C55-8C07-004AC19DE066}
	EndGlobalSection
EndGlobal
