
Microsoft Visual Studio Solution File, Format Version 12.00
# Visual Studio Version 16
VisualStudioVersion = 16.0.29920.165
MinimumVisualStudioVersion = 10.0.40219.1
Project("{FAE04EC0-301F-11D3-BF4B-00C04F79EFBC}") = "Laskin", "Laskin\Laskin.csproj", "{B0AAA301-92E1-4DE6-B42A-A4BDF5051626}"
EndProject
Global
	GlobalSection(SolutionConfigurationPlatforms) = preSolution
		Debug|Any CPU = Debug|Any CPU
		Release|Any CPU = Release|Any CPU
	EndGlobalSection
	GlobalSection(ProjectConfigurationPlatforms) = postSolution
		{B0AAA301-92E1-4DE6-B42A-A4BDF5051626}.Debug|Any CPU.ActiveCfg = Debug|Any CPU
		{B0AAA301-92E1-4DE6-B42A-A4BDF5051626}.Debug|Any CPU.Build.0 = Debug|Any CPU
		{B0AAA301-92E1-4DE6-B42A-A4BDF5051626}.Release|Any CPU.ActiveCfg = Release|Any CPU
		{B0AAA301-92E1-4DE6-B42A-A4BDF5051626}.Release|Any CPU.Build.0 = Release|Any CPU
	EndGlobalSection
	GlobalSection(SolutionProperties) = preSolution
		HideSolutionNode = FALSE
	EndGlobalSection
	GlobalSection(ExtensibilityGlobals) = postSolution
		SolutionGuid = {2A7490D7-4473-40DD-9083-46D37C238704}
	EndGlobalSection
EndGlobal
