
Microsoft Visual Studio Solution File, Format Version 12.00
# Visual Studio Version 16
VisualStudioVersion = 16.0.29920.165
MinimumVisualStudioVersion = 10.0.40219.1
Project("{FAE04EC0-301F-11D3-BF4B-00C04F79EFBC}") = "tehtava1", "tehtava1\tehtava1.csproj", "{21D97B32-6699-4F0E-BF01-6087A684FD86}"
EndProject
Global
	GlobalSection(SolutionConfigurationPlatforms) = preSolution
		Debug|Any CPU = Debug|Any CPU
		Release|Any CPU = Release|Any CPU
	EndGlobalSection
	GlobalSection(ProjectConfigurationPlatforms) = postSolution
		{21D97B32-6699-4F0E-BF01-6087A684FD86}.Debug|Any CPU.ActiveCfg = Debug|Any CPU
		{21D97B32-6699-4F0E-BF01-6087A684FD86}.Debug|Any CPU.Build.0 = Debug|Any CPU
		{21D97B32-6699-4F0E-BF01-6087A684FD86}.Release|Any CPU.ActiveCfg = Release|Any CPU
		{21D97B32-6699-4F0E-BF01-6087A684FD86}.Release|Any CPU.Build.0 = Release|Any CPU
	EndGlobalSection
	GlobalSection(SolutionProperties) = preSolution
		HideSolutionNode = FALSE
	EndGlobalSection
	GlobalSection(ExtensibilityGlobals) = postSolution
		SolutionGuid = {55B8983C-CBA5-4B60-98E8-BB9A33DE4628}
	EndGlobalSection
EndGlobal
