
Microsoft Visual Studio Solution File, Format Version 12.00
# Visual Studio Version 16
VisualStudioVersion = 16.0.29920.165
MinimumVisualStudioVersion = 10.0.40219.1
Project("{FAE04EC0-301F-11D3-BF4B-00C04F79EFBC}") = "tehtava5", "tehtava5\tehtava5.csproj", "{24966C51-E017-41AC-9D35-D1CCE6875BAD}"
EndProject
Global
	GlobalSection(SolutionConfigurationPlatforms) = preSolution
		Debug|Any CPU = Debug|Any CPU
		Release|Any CPU = Release|Any CPU
	EndGlobalSection
	GlobalSection(ProjectConfigurationPlatforms) = postSolution
		{24966C51-E017-41AC-9D35-D1CCE6875BAD}.Debug|Any CPU.ActiveCfg = Debug|Any CPU
		{24966C51-E017-41AC-9D35-D1CCE6875BAD}.Debug|Any CPU.Build.0 = Debug|Any CPU
		{24966C51-E017-41AC-9D35-D1CCE6875BAD}.Release|Any CPU.ActiveCfg = Release|Any CPU
		{24966C51-E017-41AC-9D35-D1CCE6875BAD}.Release|Any CPU.Build.0 = Release|Any CPU
	EndGlobalSection
	GlobalSection(SolutionProperties) = preSolution
		HideSolutionNode = FALSE
	EndGlobalSection
	GlobalSection(ExtensibilityGlobals) = postSolution
		SolutionGuid = {FE01D2C3-2936-4DD3-A914-D68F9B18F408}
	EndGlobalSection
EndGlobal
