
Microsoft Visual Studio Solution File, Format Version 12.00
# Visual Studio Version 16
VisualStudioVersion = 16.0.29920.165
MinimumVisualStudioVersion = 10.0.40219.1
Project("{FAE04EC0-301F-11D3-BF4B-00C04F79EFBC}") = "tehtava7", "tehtava7\tehtava7.csproj", "{7CF92CFC-C41D-44DE-9C4C-FA754FE6386F}"
EndProject
Global
	GlobalSection(SolutionConfigurationPlatforms) = preSolution
		Debug|Any CPU = Debug|Any CPU
		Release|Any CPU = Release|Any CPU
	EndGlobalSection
	GlobalSection(ProjectConfigurationPlatforms) = postSolution
		{7CF92CFC-C41D-44DE-9C4C-FA754FE6386F}.Debug|Any CPU.ActiveCfg = Debug|Any CPU
		{7CF92CFC-C41D-44DE-9C4C-FA754FE6386F}.Debug|Any CPU.Build.0 = Debug|Any CPU
		{7CF92CFC-C41D-44DE-9C4C-FA754FE6386F}.Release|Any CPU.ActiveCfg = Release|Any CPU
		{7CF92CFC-C41D-44DE-9C4C-FA754FE6386F}.Release|Any CPU.Build.0 = Release|Any CPU
	EndGlobalSection
	GlobalSection(SolutionProperties) = preSolution
		HideSolutionNode = FALSE
	EndGlobalSection
	GlobalSection(ExtensibilityGlobals) = postSolution
		SolutionGuid = {9CDCBC66-EE4A-47C8-A5C2-2E4C4742E9EF}
	EndGlobalSection
EndGlobal
