
Microsoft Visual Studio Solution File, Format Version 12.00
# Visual Studio Version 16
VisualStudioVersion = 16.0.29920.165
MinimumVisualStudioVersion = 10.0.40219.1
Project("{FAE04EC0-301F-11D3-BF4B-00C04F79EFBC}") = "OmaNimi", "OmaNimi\OmaNimi.csproj", "{C06B9083-7453-498D-8A57-BE0C6782D70E}"
EndProject
Global
	GlobalSection(SolutionConfigurationPlatforms) = preSolution
		Debug|Any CPU = Debug|Any CPU
		Release|Any CPU = Release|Any CPU
	EndGlobalSection
	GlobalSection(ProjectConfigurationPlatforms) = postSolution
		{C06B9083-7453-498D-8A57-BE0C6782D70E}.Debug|Any CPU.ActiveCfg = Debug|Any CPU
		{C06B9083-7453-498D-8A57-BE0C6782D70E}.Debug|Any CPU.Build.0 = Debug|Any CPU
		{C06B9083-7453-498D-8A57-BE0C6782D70E}.Release|Any CPU.ActiveCfg = Release|Any CPU
		{C06B9083-7453-498D-8A57-BE0C6782D70E}.Release|Any CPU.Build.0 = Release|Any CPU
	EndGlobalSection
	GlobalSection(SolutionProperties) = preSolution
		HideSolutionNode = FALSE
	EndGlobalSection
	GlobalSection(ExtensibilityGlobals) = postSolution
		SolutionGuid = {5599DDE4-4CB4-4E0D-8849-5E4A55E55790}
	EndGlobalSection
EndGlobal
