
Microsoft Visual Studio Solution File, Format Version 12.00
# Visual Studio Version 16
VisualStudioVersion = 16.0.29920.165
MinimumVisualStudioVersion = 10.0.40219.1
Project("{FAE04EC0-301F-11D3-BF4B-00C04F79EFBC}") = "tehtava14", "tehtava14\tehtava14.csproj", "{86028809-5081-4CFB-967A-A91DD424A428}"
EndProject
Global
	GlobalSection(SolutionConfigurationPlatforms) = preSolution
		Debug|Any CPU = Debug|Any CPU
		Release|Any CPU = Release|Any CPU
	EndGlobalSection
	GlobalSection(ProjectConfigurationPlatforms) = postSolution
		{86028809-5081-4CFB-967A-A91DD424A428}.Debug|Any CPU.ActiveCfg = Debug|Any CPU
		{86028809-5081-4CFB-967A-A91DD424A428}.Debug|Any CPU.Build.0 = Debug|Any CPU
		{86028809-5081-4CFB-967A-A91DD424A428}.Release|Any CPU.ActiveCfg = Release|Any CPU
		{86028809-5081-4CFB-967A-A91DD424A428}.Release|Any CPU.Build.0 = Release|Any CPU
	EndGlobalSection
	GlobalSection(SolutionProperties) = preSolution
		HideSolutionNode = FALSE
	EndGlobalSection
	GlobalSection(ExtensibilityGlobals) = postSolution
		SolutionGuid = {BC6D5F89-0851-4FF9-AB17-F6460A6A7E41}
	EndGlobalSection
EndGlobal
