
Microsoft Visual Studio Solution File, Format Version 12.00
# Visual Studio Version 16
VisualStudioVersion = 16.0.29920.165
MinimumVisualStudioVersion = 10.0.40219.1
Project("{FAE04EC0-301F-11D3-BF4B-00C04F79EFBC}") = "SystemConsoleEsim", "SystemConsoleEsim\SystemConsoleEsim.csproj", "{95E06CF5-9290-4D43-9514-C458BFF98539}"
EndProject
Global
	GlobalSection(SolutionConfigurationPlatforms) = preSolution
		Debug|Any CPU = Debug|Any CPU
		Release|Any CPU = Release|Any CPU
	EndGlobalSection
	GlobalSection(ProjectConfigurationPlatforms) = postSolution
		{95E06CF5-9290-4D43-9514-C458BFF98539}.Debug|Any CPU.ActiveCfg = Debug|Any CPU
		{95E06CF5-9290-4D43-9514-C458BFF98539}.Debug|Any CPU.Build.0 = Debug|Any CPU
		{95E06CF5-9290-4D43-9514-C458BFF98539}.Release|Any CPU.ActiveCfg = Release|Any CPU
		{95E06CF5-9290-4D43-9514-C458BFF98539}.Release|Any CPU.Build.0 = Release|Any CPU
	EndGlobalSection
	GlobalSection(SolutionProperties) = preSolution
		HideSolutionNode = FALSE
	EndGlobalSection
	GlobalSection(ExtensibilityGlobals) = postSolution
		SolutionGuid = {2684E12B-2F6A-4948-BA19-1FE7C8C1D60E}
	EndGlobalSection
EndGlobal
